# THIS IS AN AUTOGENERATED FILE. DO NOT EDIT THIS FILE DIRECTLY.
# yarn lockfile v1


"@tsconfig/node16@^1.0.2":
  version "1.0.2"
  resolved "https://registry.yarnpkg.com/@tsconfig/node16/-/node16-1.0.2.tgz#423c77877d0569db20e1fc80885ac4118314010e"
  integrity sha512-eZxlbI8GZscaGS7kkc/trHTT5xgrjH3/1n2JDwusC9iahPKWMRvRjJSAN5mCXviuTGQ/lHnhvv8Q1YTpnfz9gA==

"@types/node@^16.10.2":
  version "16.10.2"
  resolved "https://registry.yarnpkg.com/@types/node/-/node-16.10.2.tgz#5764ca9aa94470adb4e1185fe2e9f19458992b2e"
  integrity sha512-zCclL4/rx+W5SQTzFs9wyvvyCwoK9QtBpratqz2IYJ3O8Umrn0m3nsTv0wQBk9sRGpvUe9CwPDrQFB10f1FIjQ==

midi-writer-js@=2.0.1:
  version "2.0.1"
  resolved "https://registry.yarnpkg.com/midi-writer-js/-/midi-writer-js-2.0.1.tgz#732babdbd482ba3ceac88080f6beeedbd35edfcc"
  integrity sha512-wVoE/o5Lyw2VQaUdnJQtqVhpEy9DlhlYQ/OkSCtJEhwodKXIXk/wfYQmjrVkW3abdZJqafnvPfSM50SvmSbltw==
  dependencies:
    tonal-midi "^0.69.7"

note-parser@^2.0.1:
  version "2.0.1"
  resolved "https://registry.yarnpkg.com/note-parser/-/note-parser-2.0.1.tgz#2438fd57a46894b402b3a2071798660129c8fbc1"
  integrity sha1-JDj9V6RolLQCs6IHF5hmASnI+8E=

tonal-midi@^0.69.7:
  version "0.69.7"
  resolved "https://registry.yarnpkg.com/tonal-midi/-/tonal-midi-0.69.7.tgz#e754ec93f3dbdb28a6d39d42457c33ad245ffa47"
  integrity sha1-51Tsk/Pb2yim051CRXwzrSRf+kc=
  dependencies:
    note-parser "^2.0.1"

tsc@^2.0.3:
  version "2.0.3"
  resolved "https://registry.yarnpkg.com/tsc/-/tsc-2.0.3.tgz#037fe579e3bd67a5cbdaa604b43c6c1991b04bef"
  integrity sha512-SN+9zBUtrpUcOpaUO7GjkEHgWtf22c7FKbKCA4e858eEM7Qz86rRDpgOU2lBIDf0fLCsEg65ms899UMUIB2+Ow==

typescript@^4.4.3:
  version "4.4.3"
  resolved "https://registry.yarnpkg.com/typescript/-/typescript-4.4.3.tgz#bdc5407caa2b109efd4f82fe130656f977a29324"
  integrity sha512-4xfscpisVgqqDfPaJo5vkd+Qd/ItkoagnHpufr+i2QCHBsNYp+G7UAoyFl8aPtx879u38wPV65rZ8qbGZijalA==
